
Microsoft Visual Studio Solution File, Format Version 12.00
# Visual Studio Version 17
VisualStudioVersion = 17.7.34009.444
MinimumVisualStudioVersion = 10.0.40219.1
Project("{FAE04EC0-301F-11D3-BF4B-00C04F79EFBC}") = "tyuiu.oop.SidorovAY.MyList", "tyuiu.oop.SidorovAY.MyList\tyuiu.oop.SidorovAY.MyList.csproj", "{73231540-7E69-4461-94A8-0F97330AFC4E}"
EndProject
Project("{FAE04EC0-301F-11D3-BF4B-00C04F79EFBC}") = "tyuiu.oop.SidorovAY.MyList.Tests", "tyuiu.oop.SidorovAY.MyList.Tests\tyuiu.oop.SidorovAY.MyList.Tests.csproj", "{0BDC5C14-9B9B-4AB7-A9D5-80334D7C4466}"
EndProject
Global
	GlobalSection(SolutionConfigurationPlatforms) = preSolution
		Debug|Any CPU = Debug|Any CPU
		Release|Any CPU = Release|Any CPU
	EndGlobalSection
	GlobalSection(ProjectConfigurationPlatforms) = postSolution
		{73231540-7E69-4461-94A8-0F97330AFC4E}.Debug|Any CPU.ActiveCfg = Debug|Any CPU
		{73231540-7E69-4461-94A8-0F97330AFC4E}.Debug|Any CPU.Build.0 = Debug|Any CPU
		{73231540-7E69-4461-94A8-0F97330AFC4E}.Release|Any CPU.ActiveCfg = Release|Any CPU
		{73231540-7E69-4461-94A8-0F97330AFC4E}.Release|Any CPU.Build.0 = Release|Any CPU
		{0BDC5C14-9B9B-4AB7-A9D5-80334D7C4466}.Debug|Any CPU.ActiveCfg = Debug|Any CPU
		{0BDC5C14-9B9B-4AB7-A9D5-80334D7C4466}.Debug|Any CPU.Build.0 = Debug|Any CPU
		{0BDC5C14-9B9B-4AB7-A9D5-80334D7C4466}.Release|Any CPU.ActiveCfg = Release|Any CPU
		{0BDC5C14-9B9B-4AB7-A9D5-80334D7C4466}.Release|Any CPU.Build.0 = Release|Any CPU
	EndGlobalSection
	GlobalSection(SolutionProperties) = preSolution
		HideSolutionNode = FALSE
	EndGlobalSection
	GlobalSection(ExtensibilityGlobals) = postSolution
		SolutionGuid = {FAB07B0B-AE79-4548-B80C-B1A3FC6415BB}
	EndGlobalSection
EndGlobal
